PODS:
  - couchbase-lite-ios (1.3.1):
    - couchbase-lite-ios/SQLite (= 1.3.1)
  - couchbase-lite-ios/SQLite (1.3.1)
  - Gloss (1.0.0)
  - MGSwipeTableCell (1.5.5)

DEPENDENCIES:
  - couchbase-lite-ios
  - Gloss
  - MGSwipeTableCell

SPEC CHECKSUMS:
  couchbase-lite-ios: e4672e9c623e31584602c0300c299c363acebb05
  Gloss: 014789e9e69ca18f127eacca999f4c9b0bff6d58
  MGSwipeTableCell: bafeb5f351124544c9364ecbdf24c7b06a37d340

COCOAPODS: 0.39.0
